// !$*UTF8*$!
{
	archiveVersion = 1;
	classes = {
	};
	objectVersion = 56;
	objects = {

/* Begin PBXBuildFile section */
		59FAB2452AB6BF4800DA2D03 /* WorldWondersSwiftUIApp.swift in Sources */ = {isa = PBXBuildFile; fileRef = 59FAB2442AB6BF4800DA2D03 /* WorldWondersSwiftUIApp.swift */; };
		59FAB2472AB6BF4800DA2D03 /* ContentView.swift in Sources */ = {isa = PBXBuildFile; fileRef = 59FAB2462AB6BF4800DA2D03 /* ContentView.swift */; };
		59FAB2492AB6BF4900DA2D03 /* Assets.xcassets in Resources */ = {isa = PBXBuildFile; fileRef = 59FAB2482AB6BF4900DA2D03 /* Assets.xcassets */; };
		59FAB24C2AB6BF4900DA2D03 /* Preview Assets.xcassets in Resources */ = {isa = PBXBuildFile; fileRef = 59FAB24B2AB6BF4900DA2D03 /* Preview Assets.xcassets */; };
		59FAB2562AB6BF4900DA2D03 /* WorldWondersSwiftUITests.swift in Sources */ = {isa = PBXBuildFile; fileRef = 59FAB2552AB6BF4900DA2D03 /* WorldWondersSwiftUITests.swift */; };
		59FAB2602AB6BF4900DA2D03 /* WorldWondersSwiftUIUITests.swift in Sources */ = {isa = PBXBuildFile; fileRef = 59FAB25F2AB6BF4900DA2D03 /* WorldWondersSwiftUIUITests.swift */; };
		59FAB2622AB6BF4900DA2D03 /* WorldWondersSwiftUIUITestsLaunchTests.swift in Sources */ = {isa = PBXBuildFile; fileRef = 59FAB2612AB6BF4900DA2D03 /* WorldWondersSwiftUIUITestsLaunchTests.swift */; };
/* End PBXBuildFile section */

/* Begin PBXContainerItemProxy section */
		59FAB2522AB6BF4900DA2D03 /* PBXContainerItemProxy */ = {
			isa = PBXContainerItemProxy;
			containerPortal = 59FAB2392AB6BF4700DA2D03 /* Project object */;
			proxyType = 1;
			remoteGlobalIDString = 59FAB2402AB6BF4800DA2D03;
			remoteInfo = WorldWondersSwiftUI;
		};
		59FAB25C2AB6BF4900DA2D03 /* PBXContainerItemProxy */ = {
			isa = PBXContainerItemProxy;
			containerPortal = 59FAB2392AB6BF4700DA2D03 /* Project object */;
			proxyType = 1;
			remoteGlobalIDString = 59FAB2402AB6BF4800DA2D03;
			remoteInfo = WorldWondersSwiftUI;
		};
/* End PBXContainerItemProxy section */

/* Begin PBXFileReference section */
		59FAB2412AB6BF4800DA2D03 /* WorldWondersSwiftUI.app */ = {isa = PBXFileReference; explicitFileType = wrapper.application; includeInIndex = 0; path = WorldWondersSwiftUI.app; sourceTree = BUILT_PRODUCTS_DIR; };
		59FAB2442AB6BF4800DA2D03 /* WorldWondersSwiftUIApp.swift */ = {isa = PBXFileReference; lastKnownFileType = sourcecode.swift; path = WorldWondersSwiftUIApp.swift; sourceTree = "<group>"; };
		59FAB2462AB6BF4800DA2D03 /* ContentView.swift */ = {isa = PBXFileReference; lastKnownFileType = sourcecode.swift; path = ContentView.swift; sourceTree = "<group>"; };
		59FAB2482AB6BF4900DA2D03 /* Assets.xcassets */ = {isa = PBXFileReference; lastKnownFileType = folder.assetcatalog; path = Assets.xcassets; sourceTree = "<group>"; };
		59FAB24B2AB6BF4900DA2D03 /* Preview Assets.xcassets */ = {isa = PBXFileReference; lastKnownFileType = folder.assetcatalog; path = "Preview Assets.xcassets"; sourceTree = "<group>"; };
		59FAB2512AB6BF4900DA2D03 /* WorldWondersSwiftUITests.xctest */ = {isa = PBXFileReference; explicitFileType = wrapper.cfbundle; includeInIndex = 0; path = WorldWondersSwiftUITests.xctest; sourceTree = BUILT_PRODUCTS_DIR; };
		59FAB2552AB6BF4900DA2D03 /* WorldWondersSwiftUITests.swift */ = {isa = PBXFileReference; lastKnownFileType = sourcecode.swift; path = WorldWondersSwiftUITests.swift; sourceTree = "<group>"; };
		59FAB25B2AB6BF4900DA2D03 /* WorldWondersSwiftUIUITests.xctest */ = {isa = PBXFileReference; explicitFileType = wrapper.cfbundle; includeInIndex = 0; path = WorldWondersSwiftUIUITests.xctest; sourceTree = BUILT_PRODUCTS_DIR; };
		59FAB25F2AB6BF4900DA2D03 /* WorldWondersSwiftUIUITests.swift */ = {isa = PBXFileReference; lastKnownFileType = sourcecode.swift; path = WorldWondersSwiftUIUITests.swift; sourceTree = "<group>"; };
		59FAB2612AB6BF4900DA2D03 /* WorldWondersSwiftUIUITestsLaunchTests.swift */ = {isa = PBXFileReference; lastKnownFileType = sourcecode.swift; path = WorldWondersSwiftUIUITestsLaunchTests.swift; sourceTree = "<group>"; };
/* End PBXFileReference section */

/* Begin PBXFrameworksBuildPhase section */
		59FAB23E2AB6BF4800DA2D03 /* Frameworks */ = {
			isa = PBXFrameworksBuildPhase;
			buildActionMask = 2147483647;
			files = (
			);
			runOnlyForDeploymentPostprocessing = 0;
		};
		59FAB24E2AB6BF4900DA2D03 /* Frameworks */ = {
			isa = PBXFrameworksBuildPhase;
			buildActionMask = 2147483647;
			files = (
			);
			runOnlyForDeploymentPostprocessing = 0;
		};
		59FAB2582AB6BF4900DA2D03 /* Frameworks */ = {
			isa = PBXFrameworksBuildPhase;
			buildActionMask = 2147483647;
			files = (
			);
			runOnlyForDeploymentPostprocessing = 0;
		};
/* End PBXFrameworksBuildPhase section */

/* Begin PBXGroup section */
		59FAB2382AB6BF4700DA2D03 = {
			isa = PBXGroup;
			children = (
				59FAB2432AB6BF4800DA2D03 /* WorldWondersSwiftUI */,
				59FAB2542AB6BF4900DA2D03 /* WorldWondersSwiftUITests */,
				59FAB25E2AB6BF4900DA2D03 /* WorldWondersSwiftUIUITests */,
				59FAB2422AB6BF4800DA2D03 /* Products */,
			);
			sourceTree = "<group>";
		};
		59FAB2422AB6BF4800DA2D03 /* Products */ = {
			isa = PBXGroup;
			children = (
				59FAB2412AB6BF4800DA2D03 /* WorldWondersSwiftUI.app */,
				59FAB2512AB6BF4900DA2D03 /* WorldWondersSwiftUITests.xctest */,
				59FAB25B2AB6BF4900DA2D03 /* WorldWondersSwiftUIUITests.xctest */,
			);
			name = Products;
			sourceTree = "<group>";
		};
		59FAB2432AB6BF4800DA2D03 /* WorldWondersSwiftUI */ = {
			isa = PBXGroup;
			children = (
				59FAB2442AB6BF4800DA2D03 /* WorldWondersSwiftUIApp.swift */,
				59FAB2462AB6BF4800DA2D03 /* ContentView.swift */,
				59FAB2482AB6BF4900DA2D03 /* Assets.xcassets */,
				59FAB24A2AB6BF4900DA2D03 /* Preview Content */,
			);
			path = WorldWondersSwiftUI;
			sourceTree = "<group>";
		};
		59FAB24A2AB6BF4900DA2D03 /* Preview Content */ = {
			isa = PBXGroup;
			children = (
				59FAB24B2AB6BF4900DA2D03 /* Preview Assets.xcassets */,
			);
			path = "Preview Content";
			sourceTree = "<group>";
		};
		59FAB2542AB6BF4900DA2D03 /* WorldWondersSwiftUITests */ = {
			isa = PBXGroup;
			children = (
				59FAB2552AB6BF4900DA2D03 /* WorldWondersSwiftUITests.swift */,
			);
			path = WorldWondersSwiftUITests;
			sourceTree = "<group>";
		};
		59FAB25E2AB6BF4900DA2D03 /* WorldWondersSwiftUIUITests */ = {
			isa = PBXGroup;
			children = (
				59FAB25F2AB6BF4900DA2D03 /* WorldWondersSwiftUIUITests.swift */,
				59FAB2612AB6BF4900DA2D03 /* WorldWondersSwiftUIUITestsLaunchTests.swift */,
			);
			path = WorldWondersSwiftUIUITests;
			sourceTree = "<group>";
		};
/* End PBXGroup section */

/* Begin PBXNativeTarget section */
		59FAB2402AB6BF4800DA2D03 /* WorldWondersSwiftUI */ = {
			isa = PBXNativeTarget;
			buildConfigurationList = 59FAB2652AB6BF4900DA2D03 /* Build configuration list for PBXNativeTarget "WorldWondersSwiftUI" */;
			buildPhases = (
				59FAB23D2AB6BF4800DA2D03 /* Sources */,
				59FAB23E2AB6BF4800DA2D03 /* Frameworks */,
				59FAB23F2AB6BF4800DA2D03 /* Resources */,
			);
			buildRules = (
			);
			dependencies = (
			);
			name = WorldWondersSwiftUI;
			productName = WorldWondersSwiftUI;
			productReference = 59FAB2412AB6BF4800DA2D03 /* WorldWondersSwiftUI.app */;
			productType = "com.apple.product-type.application";
		};
		59FAB2502AB6BF4900DA2D03 /* WorldWondersSwiftUITests */ = {
			isa = PBXNativeTarget;
			buildConfigurationList = 59FAB2682AB6BF4900DA2D03 /* Build configuration list for PBXNativeTarget "WorldWondersSwiftUITests" */;
			buildPhases = (
				59FAB24D2AB6BF4900DA2D03 /* Sources */,
				59FAB24E2AB6BF4900DA2D03 /* Frameworks */,
				59FAB24F2AB6BF4900DA2D03 /* Resources */,
			);
			buildRules = (
			);
			dependencies = (
				59FAB2532AB6BF4900DA2D03 /* PBXTargetDependency */,
			);
			name = WorldWondersSwiftUITests;
			productName = WorldWondersSwiftUITests;
			productReference = 59FAB2512AB6BF4900DA2D03 /* WorldWondersSwiftUITests.xctest */;
			productType = "com.apple.product-type.bundle.unit-test";
		};
		59FAB25A2AB6BF4900DA2D03 /* WorldWondersSwiftUIUITests */ = {
			isa = PBXNativeTarget;
			buildConfigurationList = 59FAB26B2AB6BF4900DA2D03 /* Build configuration list for PBXNativeTarget "WorldWondersSwiftUIUITests" */;
			buildPhases = (
				59FAB2572AB6BF4900DA2D03 /* Sources */,
				59FAB2582AB6BF4900DA2D03 /* Frameworks */,
				59FAB2592AB6BF4900DA2D03 /* Resources */,
			);
			buildRules = (
			);
			dependencies = (
				59FAB25D2AB6BF4900DA2D03 /* PBXTargetDependency */,
			);
			name = WorldWondersSwiftUIUITests;
			productName = WorldWondersSwiftUIUITests;
			productReference = 59FAB25B2AB6BF4900DA2D03 /* WorldWondersSwiftUIUITests.xctest */;
			productType = "com.apple.product-type.bundle.ui-testing";
		};
/* End PBXNativeTarget section */

/* Begin PBXProject section */
		59FAB2392AB6BF4700DA2D03 /* Project object */ = {
			isa = PBXProject;
			attributes = {
				BuildIndependentTargetsInParallel = 1;
				LastSwiftUpdateCheck = 1430;
				LastUpgradeCheck = 1430;
				TargetAttributes = {
					59FAB2402AB6BF4800DA2D03 = {
						CreatedOnToolsVersion = 14.3.1;
					};
					59FAB2502AB6BF4900DA2D03 = {
						CreatedOnToolsVersion = 14.3.1;
						TestTargetID = 59FAB2402AB6BF4800DA2D03;
					};
					59FAB25A2AB6BF4900DA2D03 = {
						CreatedOnToolsVersion = 14.3.1;
						TestTargetID = 59FAB2402AB6BF4800DA2D03;
					};
				};
			};
			buildConfigurationList = 59FAB23C2AB6BF4700DA2D03 /* Build configuration list for PBXProject "WorldWondersSwiftUI" */;
			compatibilityVersion = "Xcode 14.0";
			developmentRegion = en;
			hasScannedForEncodings = 0;
			knownRegions = (
				en,
				Base,
			);
			mainGroup = 59FAB2382AB6BF4700DA2D03;
			productRefGroup = 59FAB2422AB6BF4800DA2D03 /* Products */;
			projectDirPath = "";
			projectRoot = "";
			targets = (
				59FAB2402AB6BF4800DA2D03 /* WorldWondersSwiftUI */,
				59FAB2502AB6BF4900DA2D03 /* WorldWondersSwiftUITests */,
				59FAB25A2AB6BF4900DA2D03 /* WorldWondersSwiftUIUITests */,
			);
		};
/* End PBXProject section */

/* Begin PBXResourcesBuildPhase section */
		59FAB23F2AB6BF4800DA2D03 /* Resources */ = {
			isa = PBXResourcesBuildPhase;
			buildActionMask = 2147483647;
			files = (
				59FAB24C2AB6BF4900DA2D03 /* Preview Assets.xcassets in Resources */,
				59FAB2492AB6BF4900DA2D03 /* Assets.xcassets in Resources */,
			);
			runOnlyForDeploymentPostprocessing = 0;
		};
		59FAB24F2AB6BF4900DA2D03 /* Resources */ = {
			isa = PBXResourcesBuildPhase;
			buildActionMask = 2147483647;
			files = (
			);
			runOnlyForDeploymentPostprocessing = 0;
		};
		59FAB2592AB6BF4900DA2D03 /* Resources */ = {
			isa = PBXResourcesBuildPhase;
			buildActionMask = 2147483647;
			files = (
			);
			runOnlyForDeploymentPostprocessing = 0;
		};
/* End PBXResourcesBuildPhase section */

/* Begin PBXSourcesBuildPhase section */
		59FAB23D2AB6BF4800DA2D03 /* Sources */ = {
			isa = PBXSourcesBuildPhase;
			buildActionMask = 2147483647;
			files = (
				59FAB2472AB6BF4800DA2D03 /* ContentView.swift in Sources */,
				59FAB2452AB6BF4800DA2D03 /* WorldWondersSwiftUIApp.swift in Sources */,
			);
			runOnlyForDeploymentPostprocessing = 0;
		};
		59FAB24D2AB6BF4900DA2D03 /* Sources */ = {
			isa = PBXSourcesBuildPhase;
			buildActionMask = 2147483647;
			files = (
				59FAB2562AB6BF4900DA2D03 /* WorldWondersSwiftUITests.swift in Sources */,
			);
			runOnlyForDeploymentPostprocessing = 0;
		};
		59FAB2572AB6BF4900DA2D03 /* Sources */ = {
			isa = PBXSourcesBuildPhase;
			buildActionMask = 2147483647;
			files = (
				59FAB2622AB6BF4900DA2D03 /* WorldWondersSwiftUIUITestsLaunchTests.swift in Sources */,
				59FAB2602AB6BF4900DA2D03 /* WorldWondersSwiftUIUITests.swift in Sources */,
			);
			runOnlyForDeploymentPostprocessing = 0;
		};
/* End PBXSourcesBuildPhase section */

/* Begin PBXTargetDependency section */
		59FAB2532AB6BF4900DA2D03 /* PBXTargetDependency */ = {
			isa = PBXTargetDependency;
			target = 59FAB2402AB6BF4800DA2D03 /* WorldWondersSwiftUI */;
			targetProxy = 59FAB2522AB6BF4900DA2D03 /* PBXContainerItemProxy */;
		};
		59FAB25D2AB6BF4900DA2D03 /* PBXTargetDependency */ = {
			isa = PBXTargetDependency;
			target = 59FAB2402AB6BF4800DA2D03 /* WorldWondersSwiftUI */;
			targetProxy = 59FAB25C2AB6BF4900DA2D03 /* PBXContainerItemProxy */;
		};
/* End PBXTargetDependency section */

/* Begin XCBuildConfiguration section */
		59FAB2632AB6BF4900DA2D03 /* Debug */ = {
			isa = XCBuildConfiguration;
			buildSettings = {
				ALWAYS_SEARCH_USER_PATHS = NO;
				CLANG_ANALYZER_NONNULL = YES;
				CLANG_ANALYZER_NUMBER_OBJECT_CONVERSION = YES_AGGRESSIVE;
				CLANG_CXX_LANGUAGE_STANDARD = "gnu++20";
				CLANG_ENABLE_MODULES = YES;
				CLANG_ENABLE_OBJC_ARC = YES;
				CLANG_ENABLE_OBJC_WEAK = YES;
				CLANG_WARN_BLOCK_CAPTURE_AUTORELEASING = YES;
				CLANG_WARN_BOOL_CONVERSION = YES;
				CLANG_WARN_COMMA = YES;
				CLANG_WARN_CONSTANT_CONVERSION = YES;
				CLANG_WARN_DEPRECATED_OBJC_IMPLEMENTATIONS = YES;
				CLANG_WARN_DIRECT_OBJC_ISA_USAGE = YES_ERROR;
				CLANG_WARN_DOCUMENTATION_COMMENTS = YES;
				CLANG_WARN_EMPTY_BODY = YES;
				CLANG_WARN_ENUM_CONVERSION = YES;
				CLANG_WARN_INFINITE_RECURSION = YES;
				CLANG_WARN_INT_CONVERSION = YES;
				CLANG_WARN_NON_LITERAL_NULL_CONVERSION = YES;
				CLANG_WARN_OBJC_IMPLICIT_RETAIN_SELF = YES;
				CLANG_WARN_OBJC_LITERAL_CONVERSION = YES;
				CLANG_WARN_OBJC_ROOT_CLASS = YES_ERROR;
				CLANG_WARN_QUOTED_INCLUDE_IN_FRAMEWORK_HEADER = YES;
				CLANG_WARN_RANGE_LOOP_ANALYSIS = YES;
				CLANG_WARN_STRICT_PROTOTYPES = YES;
				CLANG_WARN_SUSPICIOUS_MOVE = YES;
				CLANG_WARN_UNGUARDED_AVAILABILITY = YES_AGGRESSIVE;
				CLANG_WARN_UNREACHABLE_CODE = YES;
				CLANG_WARN__DUPLICATE_METHOD_MATCH = YES;
				COPY_PHASE_STRIP = NO;
				DEBUG_INFORMATION_FORMAT = dwarf;
				ENABLE_STRICT_OBJC_MSGSEND = YES;
				ENABLE_TESTABILITY = YES;
				GCC_C_LANGUAGE_STANDARD = gnu11;
				GCC_DYNAMIC_NO_PIC = NO;
				GCC_NO_COMMON_BLOCKS = YES;
				GCC_OPTIMIZATION_LEVEL = 0;
				GCC_PREPROCESSOR_DEFINITIONS = (
					"DEBUG=1",
					"$(inherited)",
				);
				GCC_WARN_64_TO_32_BIT_CONVERSION = YES;
				GCC_WARN_ABOUT_RETURN_TYPE = YES_ERROR;
				GCC_WARN_UNDECLARED_SELECTOR = YES;
				GCC_WARN_UNINITIALIZED_AUTOS = YES_AGGRESSIVE;
				GCC_WARN_UNUSED_FUNCTION = YES;
				GCC_WARN_UNUSED_VARIABLE = YES;
				IPHONEOS_DEPLOYMENT_TARGET = 16.4;
				MTL_ENABLE_DEBUG_INFO = INCLUDE_SOURCE;
				MTL_FAST_MATH = YES;
				ONLY_ACTIVE_ARCH = YES;
				SDKROOT = iphoneos;
				SWIFT_ACTIVE_COMPILATION_CONDITIONS = DEBUG;
				SWIFT_OPTIMIZATION_LEVEL = "-Onone";
			};
			name = Debug;
		};
		59FAB2642AB6BF4900DA2D03 /* Release */ = {
			isa = XCBuildConfiguration;
			buildSettings = {
				ALWAYS_SEARCH_USER_PATHS = NO;
				CLANG_ANALYZER_NONNULL = YES;
				CLANG_ANALYZER_NUMBER_OBJECT_CONVERSION = YES_AGGRESSIVE;
				CLANG_CXX_LANGUAGE_STANDARD = "gnu++20";
				CLANG_ENABLE_MODULES = YES;
				CLANG_ENABLE_OBJC_ARC = YES;
				CLANG_ENABLE_OBJC_WEAK = YES;
				CLANG_WARN_BLOCK_CAPTURE_AUTORELEASING = YES;
				CLANG_WARN_BOOL_CONVERSION = YES;
				CLANG_WARN_COMMA = YES;
				CLANG_WARN_CONSTANT_CONVERSION = YES;
				CLANG_WARN_DEPRECATED_OBJC_IMPLEMENTATIONS = YES;
				CLANG_WARN_DIRECT_OBJC_ISA_USAGE = YES_ERROR;
				CLANG_WARN_DOCUMENTATION_COMMENTS = YES;
				CLANG_WARN_EMPTY_BODY = YES;
				CLANG_WARN_ENUM_CONVERSION = YES;
				CLANG_WARN_INFINITE_RECURSION = YES;
				CLANG_WARN_INT_CONVERSION = YES;
				CLANG_WARN_NON_LITERAL_NULL_CONVERSION = YES;
				CLANG_WARN_OBJC_IMPLICIT_RETAIN_SELF = YES;
				CLANG_WARN_OBJC_LITERAL_CONVERSION = YES;
				CLANG_WARN_OBJC_ROOT_CLASS = YES_ERROR;
				CLANG_WARN_QUOTED_INCLUDE_IN_FRAMEWORK_HEADER = YES;
				CLANG_WARN_RANGE_LOOP_ANALYSIS = YES;
				CLANG_WARN_STRICT_PROTOTYPES = YES;
				CLANG_WARN_SUSPICIOUS_MOVE = YES;
				CLANG_WARN_UNGUARDED_AVAILABILITY = YES_AGGRESSIVE;
				CLANG_WARN_UNREACHABLE_CODE = YES;
				CLANG_WARN__DUPLICATE_METHOD_MATCH = YES;
				COPY_PHASE_STRIP = NO;
				DEBUG_INFORMATION_FORMAT = "dwarf-with-dsym";
				ENABLE_NS_ASSERTIONS = NO;
				ENABLE_STRICT_OBJC_MSGSEND = YES;
				GCC_C_LANGUAGE_STANDARD = gnu11;
				GCC_NO_COMMON_BLOCKS = YES;
				GCC_WARN_64_TO_32_BIT_CONVERSION = YES;
				GCC_WARN_ABOUT_RETURN_TYPE = YES_ERROR;
				GCC_WARN_UNDECLARED_SELECTOR = YES;
				GCC_WARN_UNINITIALIZED_AUTOS = YES_AGGRESSIVE;
				GCC_WARN_UNUSED_FUNCTION = YES;
				GCC_WARN_UNUSED_VARIABLE = YES;
				IPHONEOS_DEPLOYMENT_TARGET = 16.4;
				MTL_ENABLE_DEBUG_INFO = NO;
				MTL_FAST_MATH = YES;
				SDKROOT = iphoneos;
				SWIFT_COMPILATION_MODE = wholemodule;
				SWIFT_OPTIMIZATION_LEVEL = "-O";
				VALIDATE_PRODUCT = YES;
			};
			name = Release;
		};
		59FAB2662AB6BF4900DA2D03 /* Debug */ = {
			isa = XCBuildConfiguration;
			buildSettings = {
				ASSETCATALOG_COMPILER_APPICON_NAME = AppIcon;
				ASSETCATALOG_COMPILER_GLOBAL_ACCENT_COLOR_NAME = AccentColor;
				CODE_SIGN_STYLE = Automatic;
				CURRENT_PROJECT_VERSION = 1;
				DEVELOPMENT_ASSET_PATHS = "\"WorldWondersSwiftUI/Preview Content\"";
				ENABLE_PREVIEWS = YES;
				GENERATE_INFOPLIST_FILE = YES;
				INFOPLIST_KEY_UIApplicationSceneManifest_Generation = YES;
				INFOPLIST_KEY_UIApplicationSupportsIndirectInputEvents = YES;
				INFOPLIST_KEY_UILaunchScreen_Generation = YES;
				INFOPLIST_KEY_UISupportedInterfaceOrientations_iPad = "UIInterfaceOrientationPortrait UIInterfaceOrientationPortraitUpsideDown UIInterfaceOrientationLandscapeLeft UIInterfaceOrientationLandscapeRight";
				INFOPLIST_KEY_UISupportedInterfaceOrientations_iPhone = "UIInterfaceOrientationPortrait UIInterfaceOrientationLandscapeLeft UIInterfaceOrientationLandscapeRight";
				LD_RUNPATH_SEARCH_PATHS = (
					"$(inherited)",
					"@executable_path/Frameworks",
				);
				MARKETING_VERSION = 1.0;
				PRODUCT_BUNDLE_IDENTIFIER = kz.newpro.WorldWondersSwiftUI;
				PRODUCT_NAME = "$(TARGET_NAME)";
				SWIFT_EMIT_LOC_STRINGS = YES;
				SWIFT_VERSION = 5.0;
				TARGETED_DEVICE_FAMILY = "1,2";
			};
			name = Debug;
		};
		59FAB2672AB6BF4900DA2D03 /* Release */ = {
			isa = XCBuildConfiguration;
			buildSettings = {
				ASSETCATALOG_COMPILER_APPICON_NAME = AppIcon;
				ASSETCATALOG_COMPILER_GLOBAL_ACCENT_COLOR_NAME = AccentColor;
				CODE_SIGN_STYLE = Automatic;
				CURRENT_PROJECT_VERSION = 1;
				DEVELOPMENT_ASSET_PATHS = "\"WorldWondersSwiftUI/Preview Content\"";
				ENABLE_PREVIEWS = YES;
				GENERATE_INFOPLIST_FILE = YES;
				INFOPLIST_KEY_UIApplicationSceneManifest_Generation = YES;
				INFOPLIST_KEY_UIApplicationSupportsIndirectInputEvents = YES;
				INFOPLIST_KEY_UILaunchScreen_Generation = YES;
				INFOPLIST_KEY_UISupportedInterfaceOrientations_iPad = "UIInterfaceOrientationPortrait UIInterfaceOrientationPortraitUpsideDown UIInterfaceOrientationLandscapeLeft UIInterfaceOrientationLandscapeRight";
				INFOPLIST_KEY_UISupportedInterfaceOrientations_iPhone = "UIInterfaceOrientationPortrait UIInterfaceOrientationLandscapeLeft UIInterfaceOrientationLandscapeRight";
				LD_RUNPATH_SEARCH_PATHS = (
					"$(inherited)",
					"@executable_path/Frameworks",
				);
				MARKETING_VERSION = 1.0;
				PRODUCT_BUNDLE_IDENTIFIER = kz.newpro.WorldWondersSwiftUI;
				PRODUCT_NAME = "$(TARGET_NAME)";
				SWIFT_EMIT_LOC_STRINGS = YES;
				SWIFT_VERSION = 5.0;
				TARGETED_DEVICE_FAMILY = "1,2";
			};
			name = Release;
		};
		59FAB2692AB6BF4900DA2D03 /* Debug */ = {
			isa = XCBuildConfiguration;
			buildSettings = {
				ALWAYS_EMBED_SWIFT_STANDARD_LIBRARIES = YES;
				BUNDLE_LOADER = "$(TEST_HOST)";
				CODE_SIGN_STYLE = Automatic;
				CURRENT_PROJECT_VERSION = 1;
				GENERATE_INFOPLIST_FILE = YES;
				IPHONEOS_DEPLOYMENT_TARGET = 16.4;
				MARKETING_VERSION = 1.0;
				PRODUCT_BUNDLE_IDENTIFIER = kz.newpro.WorldWondersSwiftUITests;
				PRODUCT_NAME = "$(TARGET_NAME)";
				SWIFT_EMIT_LOC_STRINGS = NO;
				SWIFT_VERSION = 5.0;
				TARGETED_DEVICE_FAMILY = "1,2";
				TEST_HOST = "$(BUILT_PRODUCTS_DIR)/WorldWondersSwiftUI.app/$(BUNDLE_EXECUTABLE_FOLDER_PATH)/WorldWondersSwiftUI";
			};
			name = Debug;
		};
		59FAB26A2AB6BF4900DA2D03 /* Release */ = {
			isa = XCBuildConfiguration;
			buildSettings = {
				ALWAYS_EMBED_SWIFT_STANDARD_LIBRARIES = YES;
				BUNDLE_LOADER = "$(TEST_HOST)";
				CODE_SIGN_STYLE = Automatic;
				CURRENT_PROJECT_VERSION = 1;
				GENERATE_INFOPLIST_FILE = YES;
				IPHONEOS_DEPLOYMENT_TARGET = 16.4;
				MARKETING_VERSION = 1.0;
				PRODUCT_BUNDLE_IDENTIFIER = kz.newpro.WorldWondersSwiftUITests;
				PRODUCT_NAME = "$(TARGET_NAME)";
				SWIFT_EMIT_LOC_STRINGS = NO;
				SWIFT_VERSION = 5.0;
				TARGETED_DEVICE_FAMILY = "1,2";
				TEST_HOST = "$(BUILT_PRODUCTS_DIR)/WorldWondersSwiftUI.app/$(BUNDLE_EXECUTABLE_FOLDER_PATH)/WorldWondersSwiftUI";
			};
			name = Release;
		};
		59FAB26C2AB6BF4900DA2D03 /* Debug */ = {
			isa = XCBuildConfiguration;
			buildSettings = {
				ALWAYS_EMBED_SWIFT_STANDARD_LIBRARIES = YES;
				CODE_SIGN_STYLE = Automatic;
				CURRENT_PROJECT_VERSION = 1;
				GENERATE_INFOPLIST_FILE = YES;
				MARKETING_VERSION = 1.0;
				PRODUCT_BUNDLE_IDENTIFIER = kz.newpro.WorldWondersSwiftUIUITests;
				PRODUCT_NAME = "$(TARGET_NAME)";
				SWIFT_EMIT_LOC_STRINGS = NO;
				SWIFT_VERSION = 5.0;
				TARGETED_DEVICE_FAMILY = "1,2";
				TEST_TARGET_NAME = WorldWondersSwiftUI;
			};
			name = Debug;
		};
		59FAB26D2AB6BF4900DA2D03 /* Release */ = {
			isa = XCBuildConfiguration;
			buildSettings = {
				ALWAYS_EMBED_SWIFT_STANDARD_LIBRARIES = YES;
				CODE_SIGN_STYLE = Automatic;
				CURRENT_PROJECT_VERSION = 1;
				GENERATE_INFOPLIST_FILE = YES;
				MARKETING_VERSION = 1.0;
				PRODUCT_BUNDLE_IDENTIFIER = kz.newpro.WorldWondersSwiftUIUITests;
				PRODUCT_NAME = "$(TARGET_NAME)";
				SWIFT_EMIT_LOC_STRINGS = NO;
				SWIFT_VERSION = 5.0;
				TARGETED_DEVICE_FAMILY = "1,2";
				TEST_TARGET_NAME = WorldWondersSwiftUI;
			};
			name = Release;
		};
/* End XCBuildConfiguration section */

/* Begin XCConfigurationList section */
		59FAB23C2AB6BF4700DA2D03 /* Build configuration list for PBXProject "WorldWondersSwiftUI" */ = {
			isa = XCConfigurationList;
			buildConfigurations = (
				59FAB2632AB6BF4900DA2D03 /* Debug */,
				59FAB2642AB6BF4900DA2D03 /* Release */,
			);
			defaultConfigurationIsVisible = 0;
			defaultConfigurationName = Release;
		};
		59FAB2652AB6BF4900DA2D03 /* Build configuration list for PBXNativeTarget "WorldWondersSwiftUI" */ = {
			isa = XCConfigurationList;
			buildConfigurations = (
				59FAB2662AB6BF4900DA2D03 /* Debug */,
				59FAB2672AB6BF4900DA2D03 /* Release */,
			);
			defaultConfigurationIsVisible = 0;
			defaultConfigurationName = Release;
		};
		59FAB2682AB6BF4900DA2D03 /* Build configuration list for PBXNativeTarget "WorldWondersSwiftUITests" */ = {
			isa = XCConfigurationList;
			buildConfigurations = (
				59FAB2692AB6BF4900DA2D03 /* Debug */,
				59FAB26A2AB6BF4900DA2D03 /* Release */,
			);
			defaultConfigurationIsVisible = 0;
			defaultConfigurationName = Release;
		};
		59FAB26B2AB6BF4900DA2D03 /* Build configuration list for PBXNativeTarget "WorldWondersSwiftUIUITests" */ = {
			isa = XCConfigurationList;
			buildConfigurations = (
				59FAB26C2AB6BF4900DA2D03 /* Debug */,
				59FAB26D2AB6BF4900DA2D03 /* Release */,
			);
			defaultConfigurationIsVisible = 0;
			defaultConfigurationName = Release;
		};
/* End XCConfigurationList section */
	};
	rootObject = 59FAB2392AB6BF4700DA2D03 /* Project object */;
}
